
Microsoft Visual Studio Solution File, Format Version 12.00
# Visual Studio 15
VisualStudioVersion = 15.0.26430.6
MinimumVisualStudioVersion = 10.0.40219.1
Project("{2150E333-8FDC-42A3-9474-1A3956D46DE8}") = "src", "src", "{F6693BA7-F759-4E12-B905-D7F3C269F748}"
EndProject
Project("{2150E333-8FDC-42A3-9474-1A3956D46DE8}") = "test", "test", "{64516FA8-C41E-4741-B3BC-12793EC508C9}"
EndProject
Project("{9A19103F-16F7-4668-BE54-9A1E7A4F7556}") = "Ministry.WebDriver.Extensions", "src\Ministry.WebDriver.Extensions\Ministry.WebDriver.Extensions.csproj", "{CC580301-F651-40EC-B0A3-1648B75AF40B}"
EndProject
Project("{9A19103F-16F7-4668-BE54-9A1E7A4F7556}") = "Ministry.WebDriver.Configuration", "src\Ministry.WebDriver.Configuration\Ministry.WebDriver.Configuration.csproj", "{438A7265-C643-4788-8428-57BBAB6D6624}"
EndProject
Project("{9A19103F-16F7-4668-BE54-9A1E7A4F7556}") = "Ministry.WebDriver.EntityFramework", "src\Ministry.WebDriver.EntityFramework\Ministry.WebDriver.EntityFramework.csproj", "{29985B09-02FD-4A52-8816-340A0B1DD42C}"
EndProject
Project("{9A19103F-16F7-4668-BE54-9A1E7A4F7556}") = "Ministry.WebDriver.Api", "src\Ministry.WebDriver.Api\Ministry.WebDriver.Api.csproj", "{68135026-8416-44D3-BC1E-BA0F8A210086}"
EndProject
Project("{9A19103F-16F7-4668-BE54-9A1E7A4F7556}") = "Ministry.WebDriver.Extensions.Tests", "test\Ministry.WebDriver.Extensions.Tests\Ministry.WebDriver.Extensions.Tests.csproj", "{9FAFD10F-B50A-43D8-9631-292A675FE4A7}"
EndProject
Project("{9A19103F-16F7-4668-BE54-9A1E7A4F7556}") = "Ministry.WebDriver.Extensions.UITests", "test\Ministry.WebDriver.Extensions.UITests\Ministry.WebDriver.Extensions.UITests.csproj", "{39D215BD-2D8B-4EBF-875A-244627C8F7B8}"
EndProject
Global
	GlobalSection(SolutionConfigurationPlatforms) = preSolution
		Debug|Any CPU = Debug|Any CPU
		Release|Any CPU = Release|Any CPU
	EndGlobalSection
	GlobalSection(ProjectConfigurationPlatforms) = postSolution
		{CC580301-F651-40EC-B0A3-1648B75AF40B}.Debug|Any CPU.ActiveCfg = Debug|Any CPU
		{CC580301-F651-40EC-B0A3-1648B75AF40B}.Debug|Any CPU.Build.0 = Debug|Any CPU
		{CC580301-F651-40EC-B0A3-1648B75AF40B}.Release|Any CPU.ActiveCfg = Release|Any CPU
		{CC580301-F651-40EC-B0A3-1648B75AF40B}.Release|Any CPU.Build.0 = Release|Any CPU
		{438A7265-C643-4788-8428-57BBAB6D6624}.Debug|Any CPU.ActiveCfg = Debug|Any CPU
		{438A7265-C643-4788-8428-57BBAB6D6624}.Debug|Any CPU.Build.0 = Debug|Any CPU
		{438A7265-C643-4788-8428-57BBAB6D6624}.Release|Any CPU.ActiveCfg = Release|Any CPU
		{438A7265-C643-4788-8428-57BBAB6D6624}.Release|Any CPU.Build.0 = Release|Any CPU
		{29985B09-02FD-4A52-8816-340A0B1DD42C}.Debug|Any CPU.ActiveCfg = Debug|Any CPU
		{29985B09-02FD-4A52-8816-340A0B1DD42C}.Debug|Any CPU.Build.0 = Debug|Any CPU
		{29985B09-02FD-4A52-8816-340A0B1DD42C}.Release|Any CPU.ActiveCfg = Release|Any CPU
		{29985B09-02FD-4A52-8816-340A0B1DD42C}.Release|Any CPU.Build.0 = Release|Any CPU
		{68135026-8416-44D3-BC1E-BA0F8A210086}.Debug|Any CPU.ActiveCfg = Debug|Any CPU
		{68135026-8416-44D3-BC1E-BA0F8A210086}.Debug|Any CPU.Build.0 = Debug|Any CPU
		{68135026-8416-44D3-BC1E-BA0F8A210086}.Release|Any CPU.ActiveCfg = Release|Any CPU
		{68135026-8416-44D3-BC1E-BA0F8A210086}.Release|Any CPU.Build.0 = Release|Any CPU
		{9FAFD10F-B50A-43D8-9631-292A675FE4A7}.Debug|Any CPU.ActiveCfg = Debug|Any CPU
		{9FAFD10F-B50A-43D8-9631-292A675FE4A7}.Debug|Any CPU.Build.0 = Debug|Any CPU
		{9FAFD10F-B50A-43D8-9631-292A675FE4A7}.Release|Any CPU.ActiveCfg = Release|Any CPU
		{9FAFD10F-B50A-43D8-9631-292A675FE4A7}.Release|Any CPU.Build.0 = Release|Any CPU
		{39D215BD-2D8B-4EBF-875A-244627C8F7B8}.Debug|Any CPU.ActiveCfg = Debug|Any CPU
		{39D215BD-2D8B-4EBF-875A-244627C8F7B8}.Debug|Any CPU.Build.0 = Debug|Any CPU
		{39D215BD-2D8B-4EBF-875A-244627C8F7B8}.Release|Any CPU.ActiveCfg = Release|Any CPU
		{39D215BD-2D8B-4EBF-875A-244627C8F7B8}.Release|Any CPU.Build.0 = Release|Any CPU
	EndGlobalSection
	GlobalSection(SolutionProperties) = preSolution
		HideSolutionNode = FALSE
	EndGlobalSection
	GlobalSection(NestedProjects) = preSolution
		{CC580301-F651-40EC-B0A3-1648B75AF40B} = {F6693BA7-F759-4E12-B905-D7F3C269F748}
		{438A7265-C643-4788-8428-57BBAB6D6624} = {F6693BA7-F759-4E12-B905-D7F3C269F748}
		{29985B09-02FD-4A52-8816-340A0B1DD42C} = {F6693BA7-F759-4E12-B905-D7F3C269F748}
		{68135026-8416-44D3-BC1E-BA0F8A210086} = {F6693BA7-F759-4E12-B905-D7F3C269F748}
		{9FAFD10F-B50A-43D8-9631-292A675FE4A7} = {64516FA8-C41E-4741-B3BC-12793EC508C9}
		{39D215BD-2D8B-4EBF-875A-244627C8F7B8} = {64516FA8-C41E-4741-B3BC-12793EC508C9}
	EndGlobalSection
EndGlobal
